Microsoft Visual Studio Solution File, Format Version 12.00
# Visual Studio 14
VisualStudioVersion = 14.0.24720.0
MinimumVisualStudioVersion = 10.0.40219.1
Project("{FAE04EC0-301F-11D3-BF4B-00C04F79EFBC}") = "TestProject", "TestProject\TestProject.csproj", "{3750BF44-9B74-4FAB-B9B2-E50D25DBBC87}"
EndProject
Global
	GlobalSection(SolutionConfigurationPlatforms) = preSolution
		Debug|AnyCPU = Debug|AnyCPU
		Release|AnyCPU = Release|AnyCPU
	EndGlobalSection
	GlobalSection(ProjectConfigurationPlatforms) = postSolution
		{AFCB046F-0311-414E-BE14-58DB1BE9EB07}.Debug|AnyCPU.ActiveCfg = Debug|AnyCPU
		{AFCB046F-0311-414E-BE14-58DB1BE9EB07}.Debug|AnyCPU.Build.0 = Debug|AnyCPU
		{AFCB046F-0311-414E-BE14-58DB1BE9EB07}.Release|AnyCPU.ActiveCfg = Release|AnyCPU
		{AFCB046F-0311-414E-BE14-58DB1BE9EB07}.Release|AnyCPU.Build.0 = Release|AnyCPU
		{A45785B2-46DA-4ECB-9892-18BB39299A21}.Debug|AnyCPU.ActiveCfg = Debug|AnyCPU
		{A45785B2-46DA-4ECB-9892-18BB39299A21}.Debug|AnyCPU.Build.0 = Debug|AnyCPU
		{A45785B2-46DA-4ECB-9892-18BB39299A21}.Release|AnyCPU.ActiveCfg = Release|AnyCPU
		{A45785B2-46DA-4ECB-9892-18BB39299A21}.Release|AnyCPU.Build.0 = Release|AnyCPU
		{3750BF44-9B74-4FAB-B9B2-E50D25DBBC87}.Debug|AnyCPU.ActiveCfg = Debug|Any CPU
		{3750BF44-9B74-4FAB-B9B2-E50D25DBBC87}.Debug|AnyCPU.Build.0 = Debug|Any CPU
		{3750BF44-9B74-4FAB-B9B2-E50D25DBBC87}.Release|AnyCPU.ActiveCfg = Release|Any CPU
		{3750BF44-9B74-4FAB-B9B2-E50D25DBBC87}.Release|AnyCPU.Build.0 = Release|Any CPU
	EndGlobalSection
	GlobalSection(SolutionProperties) = preSolution
		HideSolutionNode = FALSE
	EndGlobalSection
EndGlobal
